
Microsoft Visual Studio Solution File, Format Version 12.00
# Visual Studio 15
VisualStudioVersion = 15.0.28307.168
MinimumVisualStudioVersion = 10.0.40219.1
Project("{FAE04EC0-301F-11D3-BF4B-00C04F79EFBC}") = "GradeBook", "GradeBook\GradeBook.csproj", "{C2F814B2-6D28-405D-95AD-5FAC78681B91}"
EndProject
Project("{FAE04EC0-301F-11D3-BF4B-00C04F79EFBC}") = "GradeBook.Tests", "GradeBook.Tests\GradeBook.Tests.csproj", "{7C4DF92D-22EA-4D30-B77C-44953074CBCD}"
EndProject
Project("{FAE04EC0-301F-11D3-BF4B-00C04F79EFBC}") = "Basics", "Base\Basics.csproj", "{0EEEC755-BAE4-4A38-8C4A-316FE29B4815}"
EndProject
Project("{FAE04EC0-301F-11D3-BF4B-00C04F79EFBC}") = "Basics.Tests", "Base.Test\Basics.Tests.csproj", "{6910F4B2-CA4B-4672-BBB7-734C75F322EE}"
EndProject
Global
	GlobalSection(SolutionConfigurationPlatforms) = preSolution
		Debug|Any CPU = Debug|Any CPU
		Release|Any CPU = Release|Any CPU
	EndGlobalSection
	GlobalSection(ProjectConfigurationPlatforms) = postSolution
		{C2F814B2-6D28-405D-95AD-5FAC78681B91}.Debug|Any CPU.ActiveCfg = Debug|Any CPU
		{C2F814B2-6D28-405D-95AD-5FAC78681B91}.Debug|Any CPU.Build.0 = Debug|Any CPU
		{C2F814B2-6D28-405D-95AD-5FAC78681B91}.Release|Any CPU.ActiveCfg = Release|Any CPU
		{C2F814B2-6D28-405D-95AD-5FAC78681B91}.Release|Any CPU.Build.0 = Release|Any CPU
		{7C4DF92D-22EA-4D30-B77C-44953074CBCD}.Debug|Any CPU.ActiveCfg = Debug|Any CPU
		{7C4DF92D-22EA-4D30-B77C-44953074CBCD}.Debug|Any CPU.Build.0 = Debug|Any CPU
		{7C4DF92D-22EA-4D30-B77C-44953074CBCD}.Release|Any CPU.ActiveCfg = Release|Any CPU
		{7C4DF92D-22EA-4D30-B77C-44953074CBCD}.Release|Any CPU.Build.0 = Release|Any CPU
		{0EEEC755-BAE4-4A38-8C4A-316FE29B4815}.Debug|Any CPU.ActiveCfg = Debug|Any CPU
		{0EEEC755-BAE4-4A38-8C4A-316FE29B4815}.Debug|Any CPU.Build.0 = Debug|Any CPU
		{0EEEC755-BAE4-4A38-8C4A-316FE29B4815}.Release|Any CPU.ActiveCfg = Release|Any CPU
		{0EEEC755-BAE4-4A38-8C4A-316FE29B4815}.Release|Any CPU.Build.0 = Release|Any CPU
		{6910F4B2-CA4B-4672-BBB7-734C75F322EE}.Debug|Any CPU.ActiveCfg = Debug|Any CPU
		{6910F4B2-CA4B-4672-BBB7-734C75F322EE}.Debug|Any CPU.Build.0 = Debug|Any CPU
		{6910F4B2-CA4B-4672-BBB7-734C75F322EE}.Release|Any CPU.ActiveCfg = Release|Any CPU
		{6910F4B2-CA4B-4672-BBB7-734C75F322EE}.Release|Any CPU.Build.0 = Release|Any CPU
	EndGlobalSection
	GlobalSection(SolutionProperties) = preSolution
		HideSolutionNode = FALSE
	EndGlobalSection
	GlobalSection(ExtensibilityGlobals) = postSolution
		SolutionGuid = {CAE91828-A44A-496A-86A3-A15CA82BFDAC}
	EndGlobalSection
EndGlobal
